
Microsoft Visual Studio Solution File, Format Version 12.00
# Visual Studio Version 17
VisualStudioVersion = 17.1.32228.430
MinimumVisualStudioVersion = 10.0.40219.1
Project("{9A19103F-16F7-4668-BE54-9A1E7A4F7556}") = "ArborFamiliae", "ArborFamiliae\ArborFamiliae.csproj", "{BC7F17E7-F48F-49DA-897C-AA0CCE333F3B}"
EndProject
Project("{9A19103F-16F7-4668-BE54-9A1E7A4F7556}") = "ArborFamiliae.Data", "ArborFamiliae.Data\ArborFamiliae.Data.csproj", "{EACBC9B3-7228-42A4-892C-F68B36C635F4}"
EndProject
Project("{9A19103F-16F7-4668-BE54-9A1E7A4F7556}") = "ArborFamiliae.Data.Mysql", "ArborFamiliae.Data.Mysql\ArborFamiliae.Data.Mysql.csproj", "{36404B37-152F-4ED1-99E5-3F3B846426B7}"
EndProject
Project("{9A19103F-16F7-4668-BE54-9A1E7A4F7556}") = "ArborFamiliae.Web", "ArborFamiliae.Web\ArborFamiliae.Web.csproj", "{855452DB-E749-4F6E-BB84-5D89DBC01072}"
EndProject
Project("{9A19103F-16F7-4668-BE54-9A1E7A4F7556}") = "ArborFamiliae.Services", "ArborFamiliae.Services\ArborFamiliae.Services.csproj", "{5662A3D8-FF57-457A-A6EC-897ACE2C8E69}"
EndProject
Project("{9A19103F-16F7-4668-BE54-9A1E7A4F7556}") = "ArborFamiliae.Domain", "ArborFamiliae.Domain\ArborFamiliae.Domain.csproj", "{74FA1723-E319-499C-B7B9-B107CC74014A}"
EndProject
Project("{9A19103F-16F7-4668-BE54-9A1E7A4F7556}") = "ArborFamiliae.Shared", "ArborFamiliae.Shared\ArborFamiliae.Shared.csproj", "{C6DCB437-D707-41CE-8C84-EBDC026824DF}"
EndProject
Project("{2150E333-8FDC-42A3-9474-1A3956D46DE8}") = "src", "src", "{27ACFA5A-EAF9-46DD-8A7F-F9382A2AFCEC}"
EndProject
Project("{2150E333-8FDC-42A3-9474-1A3956D46DE8}") = "test", "test", "{6E1D143E-EF8C-4993-891F-C35CC16DBBBB}"
EndProject
Project("{FAE04EC0-301F-11D3-BF4B-00C04F79EFBC}") = "ArborFamiliae.Hybrid", "ArborFamiliae.Hybrid\ArborFamiliae.Hybrid.csproj", "{AFF531E0-986B-472D-B5D2-10DB4FE97DEC}"
EndProject
Global
	GlobalSection(SolutionConfigurationPlatforms) = preSolution
		Debug|Any CPU = Debug|Any CPU
		Release|Any CPU = Release|Any CPU
	EndGlobalSection
	GlobalSection(ProjectConfigurationPlatforms) = postSolution
		{BC7F17E7-F48F-49DA-897C-AA0CCE333F3B}.Debug|Any CPU.ActiveCfg = Debug|Any CPU
		{BC7F17E7-F48F-49DA-897C-AA0CCE333F3B}.Debug|Any CPU.Build.0 = Debug|Any CPU
		{BC7F17E7-F48F-49DA-897C-AA0CCE333F3B}.Release|Any CPU.ActiveCfg = Release|Any CPU
		{BC7F17E7-F48F-49DA-897C-AA0CCE333F3B}.Release|Any CPU.Build.0 = Release|Any CPU
		{EACBC9B3-7228-42A4-892C-F68B36C635F4}.Debug|Any CPU.ActiveCfg = Debug|Any CPU
		{EACBC9B3-7228-42A4-892C-F68B36C635F4}.Debug|Any CPU.Build.0 = Debug|Any CPU
		{EACBC9B3-7228-42A4-892C-F68B36C635F4}.Release|Any CPU.ActiveCfg = Release|Any CPU
		{EACBC9B3-7228-42A4-892C-F68B36C635F4}.Release|Any CPU.Build.0 = Release|Any CPU
		{36404B37-152F-4ED1-99E5-3F3B846426B7}.Debug|Any CPU.ActiveCfg = Debug|Any CPU
		{36404B37-152F-4ED1-99E5-3F3B846426B7}.Debug|Any CPU.Build.0 = Debug|Any CPU
		{36404B37-152F-4ED1-99E5-3F3B846426B7}.Release|Any CPU.ActiveCfg = Release|Any CPU
		{36404B37-152F-4ED1-99E5-3F3B846426B7}.Release|Any CPU.Build.0 = Release|Any CPU
		{855452DB-E749-4F6E-BB84-5D89DBC01072}.Debug|Any CPU.ActiveCfg = Debug|Any CPU
		{855452DB-E749-4F6E-BB84-5D89DBC01072}.Debug|Any CPU.Build.0 = Debug|Any CPU
		{855452DB-E749-4F6E-BB84-5D89DBC01072}.Release|Any CPU.ActiveCfg = Release|Any CPU
		{855452DB-E749-4F6E-BB84-5D89DBC01072}.Release|Any CPU.Build.0 = Release|Any CPU
		{5662A3D8-FF57-457A-A6EC-897ACE2C8E69}.Debug|Any CPU.ActiveCfg = Debug|Any CPU
		{5662A3D8-FF57-457A-A6EC-897ACE2C8E69}.Debug|Any CPU.Build.0 = Debug|Any CPU
		{5662A3D8-FF57-457A-A6EC-897ACE2C8E69}.Release|Any CPU.ActiveCfg = Release|Any CPU
		{5662A3D8-FF57-457A-A6EC-897ACE2C8E69}.Release|Any CPU.Build.0 = Release|Any CPU
		{74FA1723-E319-499C-B7B9-B107CC74014A}.Debug|Any CPU.ActiveCfg = Debug|Any CPU
		{74FA1723-E319-499C-B7B9-B107CC74014A}.Debug|Any CPU.Build.0 = Debug|Any CPU
		{74FA1723-E319-499C-B7B9-B107CC74014A}.Release|Any CPU.ActiveCfg = Release|Any CPU
		{74FA1723-E319-499C-B7B9-B107CC74014A}.Release|Any CPU.Build.0 = Release|Any CPU
		{C6DCB437-D707-41CE-8C84-EBDC026824DF}.Debug|Any CPU.ActiveCfg = Debug|Any CPU
		{C6DCB437-D707-41CE-8C84-EBDC026824DF}.Debug|Any CPU.Build.0 = Debug|Any CPU
		{C6DCB437-D707-41CE-8C84-EBDC026824DF}.Release|Any CPU.ActiveCfg = Release|Any CPU
		{C6DCB437-D707-41CE-8C84-EBDC026824DF}.Release|Any CPU.Build.0 = Release|Any CPU
		{AFF531E0-986B-472D-B5D2-10DB4FE97DEC}.Debug|Any CPU.ActiveCfg = Debug|Any CPU
		{AFF531E0-986B-472D-B5D2-10DB4FE97DEC}.Debug|Any CPU.Build.0 = Debug|Any CPU
		{AFF531E0-986B-472D-B5D2-10DB4FE97DEC}.Release|Any CPU.ActiveCfg = Release|Any CPU
		{AFF531E0-986B-472D-B5D2-10DB4FE97DEC}.Release|Any CPU.Build.0 = Release|Any CPU
	EndGlobalSection
	GlobalSection(SolutionProperties) = preSolution
		HideSolutionNode = FALSE
	EndGlobalSection
	GlobalSection(NestedProjects) = preSolution
		{BC7F17E7-F48F-49DA-897C-AA0CCE333F3B} = {27ACFA5A-EAF9-46DD-8A7F-F9382A2AFCEC}
		{EACBC9B3-7228-42A4-892C-F68B36C635F4} = {27ACFA5A-EAF9-46DD-8A7F-F9382A2AFCEC}
		{36404B37-152F-4ED1-99E5-3F3B846426B7} = {27ACFA5A-EAF9-46DD-8A7F-F9382A2AFCEC}
		{855452DB-E749-4F6E-BB84-5D89DBC01072} = {27ACFA5A-EAF9-46DD-8A7F-F9382A2AFCEC}
		{5662A3D8-FF57-457A-A6EC-897ACE2C8E69} = {27ACFA5A-EAF9-46DD-8A7F-F9382A2AFCEC}
		{74FA1723-E319-499C-B7B9-B107CC74014A} = {27ACFA5A-EAF9-46DD-8A7F-F9382A2AFCEC}
		{C6DCB437-D707-41CE-8C84-EBDC026824DF} = {27ACFA5A-EAF9-46DD-8A7F-F9382A2AFCEC}
		{AFF531E0-986B-472D-B5D2-10DB4FE97DEC} = {27ACFA5A-EAF9-46DD-8A7F-F9382A2AFCEC}
	EndGlobalSection
	GlobalSection(ExtensibilityGlobals) = postSolution
		SolutionGuid = {64B4EBAC-6347-40D8-B65C-134F8BF9F13C}
	EndGlobalSection
EndGlobal
