
Microsoft Visual Studio Solution File, Format Version 12.00
# Visual Studio Version 17
VisualStudioVersion = 17.1.32228.430
MinimumVisualStudioVersion = 10.0.40219.1
Project("{9A19103F-16F7-4668-BE54-9A1E7A4F7556}") = "ArborFamiliae.Data", "src\ArborFamiliae.Data\ArborFamiliae.Data.csproj", "{EACBC9B3-7228-42A4-892C-F68B36C635F4}"
EndProject
Project("{9A19103F-16F7-4668-BE54-9A1E7A4F7556}") = "ArborFamiliae.Data.Mysql", "src\ArborFamiliae.Data.Mysql\ArborFamiliae.Data.Mysql.csproj", "{36404B37-152F-4ED1-99E5-3F3B846426B7}"
EndProject
Project("{9A19103F-16F7-4668-BE54-9A1E7A4F7556}") = "ArborFamiliae.Web", "src\ArborFamiliae.Web\ArborFamiliae.Web.csproj", "{855452DB-E749-4F6E-BB84-5D89DBC01072}"
EndProject
Project("{9A19103F-16F7-4668-BE54-9A1E7A4F7556}") = "ArborFamiliae.Services", "src\ArborFamiliae.Services\ArborFamiliae.Services.csproj", "{5662A3D8-FF57-457A-A6EC-897ACE2C8E69}"
EndProject
Project("{9A19103F-16F7-4668-BE54-9A1E7A4F7556}") = "ArborFamiliae.Domain", "src\ArborFamiliae.Domain\ArborFamiliae.Domain.csproj", "{74FA1723-E319-499C-B7B9-B107CC74014A}"
EndProject
Project("{9A19103F-16F7-4668-BE54-9A1E7A4F7556}") = "ArborFamiliae.Shared", "src\ArborFamiliae.Shared\ArborFamiliae.Shared.csproj", "{C6DCB437-D707-41CE-8C84-EBDC026824DF}"
EndProject
Project("{2150E333-8FDC-42A3-9474-1A3956D46DE8}") = "src", "src", "{27ACFA5A-EAF9-46DD-8A7F-F9382A2AFCEC}"
EndProject
Project("{2150E333-8FDC-42A3-9474-1A3956D46DE8}") = "test", "test", "{6E1D143E-EF8C-4993-891F-C35CC16DBBBB}"
EndProject
Project("{9A19103F-16F7-4668-BE54-9A1E7A4F7556}") = "ArborFamiliae.Hybrid", "src\ArborFamiliae.Hybrid\ArborFamiliae.Hybrid.csproj", "{AFF531E0-986B-472D-B5D2-10DB4FE97DEC}"
EndProject
Project("{9A19103F-16F7-4668-BE54-9A1E7A4F7556}") = "ArborFamiliae.Services.IntegrationTests", "test\ArborFamiliae.Services.IntegrationTests\ArborFamiliae.Services.IntegrationTests.csproj", "{C3C8A428-C45E-4736-86F4-47F8E24E4794}"
EndProject
Project("{9A19103F-16F7-4668-BE54-9A1E7A4F7556}") = "ArborFamiliae.Data.Sqlite", "src\ArborFamiliae.Data.Sqlite\ArborFamiliae.Data.Sqlite.csproj", "{0DF83054-BF1C-4670-A933-08364894085E}"
EndProject
Project("{9A19103F-16F7-4668-BE54-9A1E7A4F7556}") = "ArborFamiliae.Services.Interfaces", "src\ArborFamiliae.Services.Interfaces\ArborFamiliae.Services.Interfaces.csproj", "{F51EDA3E-5238-4FEE-B594-42EB9E0331A9}"
EndProject
Project("{9A19103F-16F7-4668-BE54-9A1E7A4F7556}") = "ArborFamiliae", "src\ArborFamiliae\ArborFamiliae.csproj", "{049FE2A6-35C0-40EE-9088-725F8E072F19}"
EndProject
Project("{FAE04EC0-301F-11D3-BF4B-00C04F79EFBC}") = "ArborFamiliae.Desktop", "src\ArborFamiliae.Desktop\ArborFamiliae.Desktop.csproj", "{865CA625-C8CD-4152-96E0-FC66AC385D9C}"
EndProject
Project("{2150E333-8FDC-42A3-9474-1A3956D46DE8}") = "Data", "Data", "{B0B291F9-D5D6-4560-8691-FF135089DCAD}"
EndProject
Project("{2150E333-8FDC-42A3-9474-1A3956D46DE8}") = "Presentation", "Presentation", "{BB2F98DD-71A3-4024-B85C-A0485799D267}"
EndProject
Project("{2150E333-8FDC-42A3-9474-1A3956D46DE8}") = "Domain", "Domain", "{AA78DE84-5A77-448E-B0D3-45A7F4979DD6}"
EndProject
Project("{FAE04EC0-301F-11D3-BF4B-00C04F79EFBC}") = "ArborFamiliae.ViewModels", "src\ArborFamiliae.ViewModels\ArborFamiliae.ViewModels.csproj", "{10111CED-63E4-4A9C-BC67-6FA16D198FC4}"
EndProject
Global
	GlobalSection(SolutionConfigurationPlatforms) = preSolution
		Debug|Any CPU = Debug|Any CPU
		Release|Any CPU = Release|Any CPU
	EndGlobalSection
	GlobalSection(ProjectConfigurationPlatforms) = postSolution
		{EACBC9B3-7228-42A4-892C-F68B36C635F4}.Debug|Any CPU.ActiveCfg = Debug|Any CPU
		{EACBC9B3-7228-42A4-892C-F68B36C635F4}.Debug|Any CPU.Build.0 = Debug|Any CPU
		{EACBC9B3-7228-42A4-892C-F68B36C635F4}.Release|Any CPU.ActiveCfg = Release|Any CPU
		{EACBC9B3-7228-42A4-892C-F68B36C635F4}.Release|Any CPU.Build.0 = Release|Any CPU
		{36404B37-152F-4ED1-99E5-3F3B846426B7}.Debug|Any CPU.ActiveCfg = Debug|Any CPU
		{36404B37-152F-4ED1-99E5-3F3B846426B7}.Debug|Any CPU.Build.0 = Debug|Any CPU
		{36404B37-152F-4ED1-99E5-3F3B846426B7}.Release|Any CPU.ActiveCfg = Release|Any CPU
		{36404B37-152F-4ED1-99E5-3F3B846426B7}.Release|Any CPU.Build.0 = Release|Any CPU
		{855452DB-E749-4F6E-BB84-5D89DBC01072}.Debug|Any CPU.ActiveCfg = Debug|Any CPU
		{855452DB-E749-4F6E-BB84-5D89DBC01072}.Debug|Any CPU.Build.0 = Debug|Any CPU
		{855452DB-E749-4F6E-BB84-5D89DBC01072}.Release|Any CPU.ActiveCfg = Release|Any CPU
		{855452DB-E749-4F6E-BB84-5D89DBC01072}.Release|Any CPU.Build.0 = Release|Any CPU
		{5662A3D8-FF57-457A-A6EC-897ACE2C8E69}.Debug|Any CPU.ActiveCfg = Debug|Any CPU
		{5662A3D8-FF57-457A-A6EC-897ACE2C8E69}.Debug|Any CPU.Build.0 = Debug|Any CPU
		{5662A3D8-FF57-457A-A6EC-897ACE2C8E69}.Release|Any CPU.ActiveCfg = Release|Any CPU
		{5662A3D8-FF57-457A-A6EC-897ACE2C8E69}.Release|Any CPU.Build.0 = Release|Any CPU
		{74FA1723-E319-499C-B7B9-B107CC74014A}.Debug|Any CPU.ActiveCfg = Debug|Any CPU
		{74FA1723-E319-499C-B7B9-B107CC74014A}.Debug|Any CPU.Build.0 = Debug|Any CPU
		{74FA1723-E319-499C-B7B9-B107CC74014A}.Release|Any CPU.ActiveCfg = Release|Any CPU
		{74FA1723-E319-499C-B7B9-B107CC74014A}.Release|Any CPU.Build.0 = Release|Any CPU
		{C6DCB437-D707-41CE-8C84-EBDC026824DF}.Debug|Any CPU.ActiveCfg = Debug|Any CPU
		{C6DCB437-D707-41CE-8C84-EBDC026824DF}.Debug|Any CPU.Build.0 = Debug|Any CPU
		{C6DCB437-D707-41CE-8C84-EBDC026824DF}.Release|Any CPU.ActiveCfg = Release|Any CPU
		{C6DCB437-D707-41CE-8C84-EBDC026824DF}.Release|Any CPU.Build.0 = Release|Any CPU
		{AFF531E0-986B-472D-B5D2-10DB4FE97DEC}.Debug|Any CPU.ActiveCfg = Debug|Any CPU
		{AFF531E0-986B-472D-B5D2-10DB4FE97DEC}.Debug|Any CPU.Build.0 = Debug|Any CPU
		{AFF531E0-986B-472D-B5D2-10DB4FE97DEC}.Release|Any CPU.ActiveCfg = Release|Any CPU
		{AFF531E0-986B-472D-B5D2-10DB4FE97DEC}.Release|Any CPU.Build.0 = Release|Any CPU
		{C3C8A428-C45E-4736-86F4-47F8E24E4794}.Debug|Any CPU.ActiveCfg = Debug|Any CPU
		{C3C8A428-C45E-4736-86F4-47F8E24E4794}.Debug|Any CPU.Build.0 = Debug|Any CPU
		{C3C8A428-C45E-4736-86F4-47F8E24E4794}.Release|Any CPU.ActiveCfg = Release|Any CPU
		{C3C8A428-C45E-4736-86F4-47F8E24E4794}.Release|Any CPU.Build.0 = Release|Any CPU
		{0DF83054-BF1C-4670-A933-08364894085E}.Debug|Any CPU.ActiveCfg = Debug|Any CPU
		{0DF83054-BF1C-4670-A933-08364894085E}.Debug|Any CPU.Build.0 = Debug|Any CPU
		{0DF83054-BF1C-4670-A933-08364894085E}.Release|Any CPU.ActiveCfg = Release|Any CPU
		{0DF83054-BF1C-4670-A933-08364894085E}.Release|Any CPU.Build.0 = Release|Any CPU
		{F51EDA3E-5238-4FEE-B594-42EB9E0331A9}.Debug|Any CPU.ActiveCfg = Debug|Any CPU
		{F51EDA3E-5238-4FEE-B594-42EB9E0331A9}.Debug|Any CPU.Build.0 = Debug|Any CPU
		{F51EDA3E-5238-4FEE-B594-42EB9E0331A9}.Release|Any CPU.ActiveCfg = Release|Any CPU
		{F51EDA3E-5238-4FEE-B594-42EB9E0331A9}.Release|Any CPU.Build.0 = Release|Any CPU
		{049FE2A6-35C0-40EE-9088-725F8E072F19}.Debug|Any CPU.ActiveCfg = Debug|Any CPU
		{049FE2A6-35C0-40EE-9088-725F8E072F19}.Debug|Any CPU.Build.0 = Debug|Any CPU
		{049FE2A6-35C0-40EE-9088-725F8E072F19}.Release|Any CPU.ActiveCfg = Release|Any CPU
		{049FE2A6-35C0-40EE-9088-725F8E072F19}.Release|Any CPU.Build.0 = Release|Any CPU
		{865CA625-C8CD-4152-96E0-FC66AC385D9C}.Debug|Any CPU.ActiveCfg = Debug|Any CPU
		{865CA625-C8CD-4152-96E0-FC66AC385D9C}.Debug|Any CPU.Build.0 = Debug|Any CPU
		{865CA625-C8CD-4152-96E0-FC66AC385D9C}.Release|Any CPU.ActiveCfg = Release|Any CPU
		{865CA625-C8CD-4152-96E0-FC66AC385D9C}.Release|Any CPU.Build.0 = Release|Any CPU
		{10111CED-63E4-4A9C-BC67-6FA16D198FC4}.Debug|Any CPU.ActiveCfg = Debug|Any CPU
		{10111CED-63E4-4A9C-BC67-6FA16D198FC4}.Debug|Any CPU.Build.0 = Debug|Any CPU
		{10111CED-63E4-4A9C-BC67-6FA16D198FC4}.Release|Any CPU.ActiveCfg = Release|Any CPU
		{10111CED-63E4-4A9C-BC67-6FA16D198FC4}.Release|Any CPU.Build.0 = Release|Any CPU
	EndGlobalSection
	GlobalSection(SolutionProperties) = preSolution
		HideSolutionNode = FALSE
	EndGlobalSection
	GlobalSection(NestedProjects) = preSolution
		{C3C8A428-C45E-4736-86F4-47F8E24E4794} = {6E1D143E-EF8C-4993-891F-C35CC16DBBBB}
		{B0B291F9-D5D6-4560-8691-FF135089DCAD} = {27ACFA5A-EAF9-46DD-8A7F-F9382A2AFCEC}
		{EACBC9B3-7228-42A4-892C-F68B36C635F4} = {B0B291F9-D5D6-4560-8691-FF135089DCAD}
		{36404B37-152F-4ED1-99E5-3F3B846426B7} = {B0B291F9-D5D6-4560-8691-FF135089DCAD}
		{0DF83054-BF1C-4670-A933-08364894085E} = {B0B291F9-D5D6-4560-8691-FF135089DCAD}
		{BB2F98DD-71A3-4024-B85C-A0485799D267} = {27ACFA5A-EAF9-46DD-8A7F-F9382A2AFCEC}
		{865CA625-C8CD-4152-96E0-FC66AC385D9C} = {BB2F98DD-71A3-4024-B85C-A0485799D267}
		{AFF531E0-986B-472D-B5D2-10DB4FE97DEC} = {BB2F98DD-71A3-4024-B85C-A0485799D267}
		{855452DB-E749-4F6E-BB84-5D89DBC01072} = {BB2F98DD-71A3-4024-B85C-A0485799D267}
		{049FE2A6-35C0-40EE-9088-725F8E072F19} = {BB2F98DD-71A3-4024-B85C-A0485799D267}
		{AA78DE84-5A77-448E-B0D3-45A7F4979DD6} = {27ACFA5A-EAF9-46DD-8A7F-F9382A2AFCEC}
		{74FA1723-E319-499C-B7B9-B107CC74014A} = {AA78DE84-5A77-448E-B0D3-45A7F4979DD6}
		{5662A3D8-FF57-457A-A6EC-897ACE2C8E69} = {AA78DE84-5A77-448E-B0D3-45A7F4979DD6}
		{F51EDA3E-5238-4FEE-B594-42EB9E0331A9} = {AA78DE84-5A77-448E-B0D3-45A7F4979DD6}
		{C6DCB437-D707-41CE-8C84-EBDC026824DF} = {AA78DE84-5A77-448E-B0D3-45A7F4979DD6}
		{10111CED-63E4-4A9C-BC67-6FA16D198FC4} = {AA78DE84-5A77-448E-B0D3-45A7F4979DD6}
	EndGlobalSection
	GlobalSection(ExtensibilityGlobals) = postSolution
		SolutionGuid = {64B4EBAC-6347-40D8-B65C-134F8BF9F13C}
	EndGlobalSection
EndGlobal
